
Microsoft Visual Studio Solution File, Format Version 12.00
# Visual Studio 15
VisualStudioVersion = 15.0.28307.572
MinimumVisualStudioVersion = 10.0.40219.1
Project("{FAE04EC0-301F-11D3-BF4B-00C04F79EFBC}") = "JobPortal", "JobPortal\JobPortal.csproj", "{E9833393-EB97-4B47-AECB-1E62703D0687}"
EndProject
Project("{FAE04EC0-301F-11D3-BF4B-00C04F79EFBC}") = "JobPortalLib", "JobPortalLib\JobPortalLib.csproj", "{559B6EAA-0C52-41D6-875F-6F00B2E143A1}"
EndProject
Global
	GlobalSection(SolutionConfigurationPlatforms) = preSolution
		Debug|Any CPU = Debug|Any CPU
		Release|Any CPU = Release|Any CPU
	EndGlobalSection
	GlobalSection(ProjectConfigurationPlatforms) = postSolution
		{E9833393-EB97-4B47-AECB-1E62703D0687}.Debug|Any CPU.ActiveCfg = Debug|Any CPU
		{E9833393-EB97-4B47-AECB-1E62703D0687}.Debug|Any CPU.Build.0 = Debug|Any CPU
		{E9833393-EB97-4B47-AECB-1E62703D0687}.Release|Any CPU.ActiveCfg = Release|Any CPU
		{E9833393-EB97-4B47-AECB-1E62703D0687}.Release|Any CPU.Build.0 = Release|Any CPU
		{559B6EAA-0C52-41D6-875F-6F00B2E143A1}.Debug|Any CPU.ActiveCfg = Debug|Any CPU
		{559B6EAA-0C52-41D6-875F-6F00B2E143A1}.Debug|Any CPU.Build.0 = Debug|Any CPU
		{559B6EAA-0C52-41D6-875F-6F00B2E143A1}.Release|Any CPU.ActiveCfg = Release|Any CPU
		{559B6EAA-0C52-41D6-875F-6F00B2E143A1}.Release|Any CPU.Build.0 = Release|Any CPU
	EndGlobalSection
	GlobalSection(SolutionProperties) = preSolution
		HideSolutionNode = FALSE
	EndGlobalSection
	GlobalSection(ExtensibilityGlobals) = postSolution
		SolutionGuid = {802C01AD-222E-4732-97DC-693098750577}
	EndGlobalSection
EndGlobal
